Microsoft Visual Studio Solution File, Format Version 12.00
# Visual Studio Version 17
VisualStudioVersion = 17.5.2.0
MinimumVisualStudioVersion = 10.0.40219.1
Project("{FAE04EC0-301F-11D3-BF4B-00C04F79EFBC}") = "Theia.Benchmarks", "Theia.Benchmarks.csproj", "{DC40DA35-738A-BE1F-5FC1-7F6C26BF37E8}"
EndProject
Global
	GlobalSection(SolutionConfigurationPlatforms) = preSolution
		Debug|Any CPU = Debug|Any CPU
		Release|Any CPU = Release|Any CPU
	EndGlobalSection
	GlobalSection(ProjectConfigurationPlatforms) = postSolution
		{DC40DA35-738A-BE1F-5FC1-7F6C26BF37E8}.Debug|Any CPU.ActiveCfg = Debug|Any CPU
		{DC40DA35-738A-BE1F-5FC1-7F6C26BF37E8}.Debug|Any CPU.Build.0 = Debug|Any CPU
		{DC40DA35-738A-BE1F-5FC1-7F6C26BF37E8}.Release|Any CPU.ActiveCfg = Release|Any CPU
		{DC40DA35-738A-BE1F-5FC1-7F6C26BF37E8}.Release|Any CPU.Build.0 = Release|Any CPU
	EndGlobalSection
	GlobalSection(SolutionProperties) = preSolution
		HideSolutionNode = FALSE
	EndGlobalSection
	GlobalSection(ExtensibilityGlobals) = postSolution
		SolutionGuid = {FE197E56-CE2E-438F-9676-C029E28A1737}
	EndGlobalSection
EndGlobal
